speakeasyVersion: 1.731.2
sources:
    openapi-spec:
        sourceNamespace: openapi-spec
        sourceRevisionDigest: sha256:69a68b33e74c8bcd0c18c0436e5e07f29e500834d29886fbeccaa10daf26b2a8
        sourceBlobDigest: sha256:e4223c035815d6704700ff78d674ce4b96a635428f380b0df197526db2945fe9
        tags:
            - latest
            - 1.0.0
targets: {}
workflow:
    workflowVersion: 1.0.0
    speakeasyVersion: latest
    sources:
        openapi-spec:
            inputs:
                - location: source_specs/pipeshub-openapi.yaml
            overlays:
                - location: .speakeasy/speakeasy-modifications-overlay.yaml
            registry:
                location: registry.speakeasyapi.dev/pipeshub/test/openapi-spec
    targets: {}
